{
  "originHash" : "b7dea92c22e9fd586a826e39657ed6c2d3c37ff6f07d7f7351a4c8beb332a35c",
  "pins" : [
    {
      "identity" : "paypal-ios",
      "kind" : "remoteSourceControl",
      "location" : "https://github.com/paypal/paypal-ios.git",
      "state" : {
        "revision" : "2008a6de7c00a2ae53c669932d5fb19674c35b1e",
        "version" : "2.0.1"
      }
    },
    {
      "identity" : "paypal-messages-ios",
      "kind" : "remoteSourceControl",
      "location" : "https://github.com/paypal/paypal-messages-ios.git",
      "state" : {
        "revision" : "432d6b832714b2615106c3f2a748ac61654d8bbd",
        "version" : "1.2.0"
      }
    }
  ],
  "version" : 3
}
